
Microsoft Visual Studio Solution File, Format Version 12.00
# Visual Studio Version 17
VisualStudioVersion = 17.3.32819.101
MinimumVisualStudioVersion = 10.0.40219.1
Project("{9A19103F-16F7-4668-BE54-9A1E7A4F7556}") = "CompositeSpecificationVisitor", "CompositeSpecificationVisitor\CompositeSpecificationVisitor.csproj", "{AC79694C-9C61-4AA0-9214-73EFABB6AE57}"
EndProject
Project("{FAE04EC0-301F-11D3-BF4B-00C04F79EFBC}") = "CompositeSpecificationVisitor.Test", "CompositeSpecificationVisitor.Test\CompositeSpecificationVisitor.Test.csproj", "{4027D973-A459-461B-A145-804F5DD19AA0}"
EndProject
Global
	GlobalSection(SolutionConfigurationPlatforms) = preSolution
		Debug|Any CPU = Debug|Any CPU
		Release|Any CPU = Release|Any CPU
	EndGlobalSection
	GlobalSection(ProjectConfigurationPlatforms) = postSolution
		{AC79694C-9C61-4AA0-9214-73EFABB6AE57}.Debug|Any CPU.ActiveCfg = Debug|Any CPU
		{AC79694C-9C61-4AA0-9214-73EFABB6AE57}.Debug|Any CPU.Build.0 = Debug|Any CPU
		{AC79694C-9C61-4AA0-9214-73EFABB6AE57}.Release|Any CPU.ActiveCfg = Release|Any CPU
		{AC79694C-9C61-4AA0-9214-73EFABB6AE57}.Release|Any CPU.Build.0 = Release|Any CPU
		{4027D973-A459-461B-A145-804F5DD19AA0}.Debug|Any CPU.ActiveCfg = Debug|Any CPU
		{4027D973-A459-461B-A145-804F5DD19AA0}.Debug|Any CPU.Build.0 = Debug|Any CPU
		{4027D973-A459-461B-A145-804F5DD19AA0}.Release|Any CPU.ActiveCfg = Release|Any CPU
		{4027D973-A459-461B-A145-804F5DD19AA0}.Release|Any CPU.Build.0 = Release|Any CPU
	EndGlobalSection
	GlobalSection(SolutionProperties) = preSolution
		HideSolutionNode = FALSE
	EndGlobalSection
	GlobalSection(ExtensibilityGlobals) = postSolution
		SolutionGuid = {02FBA2A5-A739-42FB-AB8C-62F5853C03D2}
	EndGlobalSection
EndGlobal
